
Microsoft Visual Studio Solution File, Format Version 12.00
# Visual Studio Version 16
VisualStudioVersion = 16.0.29613.14
MinimumVisualStudioVersion = 10.0.40219.1
Project("{FAE04EC0-301F-11D3-BF4B-00C04F79EFBC}") = "BulkEmailApp", "BulkEmailApp.csproj", "{C0F4E8B0-C1C4-46D7-ACDA-8839660CD3A4}"
EndProject
Global
	GlobalSection(SolutionConfigurationPlatforms) = preSolution
		Debug|Any CPU = Debug|Any CPU
		Release|Any CPU = Release|Any CPU
	EndGlobalSection
	GlobalSection(ProjectConfigurationPlatforms) = postSolution
		{C0F4E8B0-C1C4-46D7-ACDA-8839660CD3A4}.Debug|Any CPU.ActiveCfg = Debug|Any CPU
		{C0F4E8B0-C1C4-46D7-ACDA-8839660CD3A4}.Debug|Any CPU.Build.0 = Debug|Any CPU
		{C0F4E8B0-C1C4-46D7-ACDA-8839660CD3A4}.Release|Any CPU.ActiveCfg = Release|Any CPU
		{C0F4E8B0-C1C4-46D7-ACDA-8839660CD3A4}.Release|Any CPU.Build.0 = Release|Any CPU
	EndGlobalSection
	GlobalSection(SolutionProperties) = preSolution
		HideSolutionNode = FALSE
	EndGlobalSection
	GlobalSection(ExtensibilityGlobals) = postSolution
		SolutionGuid = {011C29E2-C02F-418A-9B6F-A416CFCCBCAF}
	EndGlobalSection
EndGlobal
